// !$*UTF8*$!
{
	archiveVersion = 1;
	classes = {
	};
	objectVersion = 46;
	objects = {

/* Begin PBXBuildFile section */
		3DEF0DF01E8A624400A502F0 /* main.cpp in Sources */ = {isa = PBXBuildFile; fileRef = 3DEF0DEF1E8A624400A502F0 /* main.cpp */; };
		3DEF0DF81E8A634F00A502F0 /* DataDevice.cpp in Sources */ = {isa = PBXBuildFile; fileRef = 3DEF0DF61E8A634F00A502F0 /* DataDevice.cpp */; };
		3DEF0DFB1E8A636100A502F0 /* SSD.cpp in Sources */ = {isa = PBXBuildFile; fileRef = 3DEF0DF91E8A636100A502F0 /* SSD.cpp */; };
		3DEF0DFE1E8A636D00A502F0 /* HDD.cpp in Sources */ = {isa = PBXBuildFile; fileRef = 3DEF0DFC1E8A636D00A502F0 /* HDD.cpp */; };
/* End PBXBuildFile section */

/* Begin PBXCopyFilesBuildPhase section */
		3DEF0DEA1E8A624400A502F0 /* CopyFiles */ = {
			isa = PBXCopyFilesBuildPhase;
			buildActionMask = 2147483647;
			dstPath = /usr/share/man/man1/;
			dstSubfolderSpec = 0;
			files = (
			);
			runOnlyForDeploymentPostprocessing = 1;
		};
/* End PBXCopyFilesBuildPhase section */

/* Begin PBXFileReference section */
		3DEF0DEC1E8A624400A502F0 /* Lab3 */ = {isa = PBXFileReference; explicitFileType = "compiled.mach-o.executable"; includeInIndex = 0; path = Lab3; sourceTree = BUILT_PRODUCTS_DIR; };
		3DEF0DEF1E8A624400A502F0 /* main.cpp */ = {isa = PBXFileReference; lastKnownFileType = sourcecode.cpp.cpp; path = main.cpp; sourceTree = "<group>"; };
		3DEF0DF61E8A634F00A502F0 /* DataDevice.cpp */ = {isa = PBXFileReference; fileEncoding = 4; lastKnownFileType = sourcecode.cpp.cpp; path = DataDevice.cpp; sourceTree = "<group>"; };
		3DEF0DF71E8A634F00A502F0 /* DataDevice.hpp */ = {isa = PBXFileReference; fileEncoding = 4; lastKnownFileType = sourcecode.cpp.h; path = DataDevice.hpp; sourceTree = "<group>"; };
		3DEF0DF91E8A636100A502F0 /* SSD.cpp */ = {isa = PBXFileReference; fileEncoding = 4; lastKnownFileType = sourcecode.cpp.cpp; path = SSD.cpp; sourceTree = "<group>"; };
		3DEF0DFA1E8A636100A502F0 /* SSD.hpp */ = {isa = PBXFileReference; fileEncoding = 4; lastKnownFileType = sourcecode.cpp.h; path = SSD.hpp; sourceTree = "<group>"; };
		3DEF0DFC1E8A636D00A502F0 /* HDD.cpp */ = {isa = PBXFileReference; fileEncoding = 4; lastKnownFileType = sourcecode.cpp.cpp; path = HDD.cpp; sourceTree = "<group>"; };
		3DEF0DFD1E8A636D00A502F0 /* HDD.hpp */ = {isa = PBXFileReference; fileEncoding = 4; lastKnownFileType = sourcecode.cpp.h; path = HDD.hpp; sourceTree = "<group>"; };
/* End PBXFileReference section */

/* Begin PBXFrameworksBuildPhase section */
		3DEF0DE91E8A624400A502F0 /* Frameworks */ = {
			isa = PBXFrameworksBuildPhase;
			buildActionMask = 2147483647;
			files = (
			);
			runOnlyForDeploymentPostprocessing = 0;
		};
/* End PBXFrameworksBuildPhase section */

/* Begin PBXGroup section */
		3DEF0DE31E8A624400A502F0 = {
			isa = PBXGroup;
			children = (
				3DEF0DEE1E8A624400A502F0 /* Lab3 */,
				3DEF0DED1E8A624400A502F0 /* Products */,
			);
			sourceTree = "<group>";
		};
		3DEF0DED1E8A624400A502F0 /* Products */ = {
			isa = PBXGroup;
			children = (
				3DEF0DEC1E8A624400A502F0 /* Lab3 */,
			);
			name = Products;
			sourceTree = "<group>";
		};
		3DEF0DEE1E8A624400A502F0 /* Lab3 */ = {
			isa = PBXGroup;
			children = (
				3DEF0DEF1E8A624400A502F0 /* main.cpp */,
				3DEF0DF61E8A634F00A502F0 /* DataDevice.cpp */,
				3DEF0DF71E8A634F00A502F0 /* DataDevice.hpp */,
				3DEF0DF91E8A636100A502F0 /* SSD.cpp */,
				3DEF0DFA1E8A636100A502F0 /* SSD.hpp */,
				3DEF0DFC1E8A636D00A502F0 /* HDD.cpp */,
				3DEF0DFD1E8A636D00A502F0 /* HDD.hpp */,
			);
			path = Lab3;
			sourceTree = "<group>";
		};
/* End PBXGroup section */

/* Begin PBXNativeTarget section */
		3DEF0DEB1E8A624400A502F0 /* Lab3 */ = {
			isa = PBXNativeTarget;
			buildConfigurationList = 3DEF0DF31E8A624400A502F0 /* Build configuration list for PBXNativeTarget "Lab3" */;
			buildPhases = (
				3DEF0DE81E8A624400A502F0 /* Sources */,
				3DEF0DE91E8A624400A502F0 /* Frameworks */,
				3DEF0DEA1E8A624400A502F0 /* CopyFiles */,
			);
			buildRules = (
			);
			dependencies = (
			);
			name = Lab3;
			productName = Lab3;
			productReference = 3DEF0DEC1E8A624400A502F0 /* Lab3 */;
			productType = "com.apple.product-type.tool";
		};
/* End PBXNativeTarget section */

/* Begin PBXProject section */
		3DEF0DE41E8A624400A502F0 /* Project object */ = {
			isa = PBXProject;
			attributes = {
				LastUpgradeCheck = 0820;
				ORGANIZATIONNAME = "Anton Solyarik";
				TargetAttributes = {
					3DEF0DEB1E8A624400A502F0 = {
						CreatedOnToolsVersion = 8.2.1;
						ProvisioningStyle = Automatic;
					};
				};
			};
			buildConfigurationList = 3DEF0DE71E8A624400A502F0 /* Build configuration list for PBXProject "Lab3" */;
			compatibilityVersion = "Xcode 3.2";
			developmentRegion = English;
			hasScannedForEncodings = 0;
			knownRegions = (
				en,
			);
			mainGroup = 3DEF0DE31E8A624400A502F0;
			productRefGroup = 3DEF0DED1E8A624400A502F0 /* Products */;
			projectDirPath = "";
			projectRoot = "";
			targets = (
				3DEF0DEB1E8A624400A502F0 /* Lab3 */,
			);
		};
/* End PBXProject section */

/* Begin PBXSourcesBuildPhase section */
		3DEF0DE81E8A624400A502F0 /* Sources */ = {
			isa = PBXSourcesBuildPhase;
			buildActionMask = 2147483647;
			files = (
				3DEF0DFE1E8A636D00A502F0 /* HDD.cpp in Sources */,
				3DEF0DFB1E8A636100A502F0 /* SSD.cpp in Sources */,
				3DEF0DF01E8A624400A502F0 /* main.cpp in Sources */,
				3DEF0DF81E8A634F00A502F0 /* DataDevice.cpp in Sources */,
			);
			runOnlyForDeploymentPostprocessing = 0;
		};
/* End PBXSourcesBuildPhase section */

/* Begin XCBuildConfiguration section */
		3DEF0DF11E8A624400A502F0 /* Debug */ = {
			isa = XCBuildConfiguration;
			buildSettings = {
				ALWAYS_SEARCH_USER_PATHS = NO;
				CLANG_ANALYZER_NONNULL = YES;
				CLANG_CXX_LANGUAGE_STANDARD = "gnu++0x";
				CLANG_CXX_LIBRARY = "libc++";
				CLANG_ENABLE_MODULES = YES;
				CLANG_ENABLE_OBJC_ARC = YES;
				CLANG_WARN_BOOL_CONVERSION = YES;
				CLANG_WARN_CONSTANT_CONVERSION = YES;
				CLANG_WARN_DIRECT_OBJC_ISA_USAGE = YES_ERROR;
				CLANG_WARN_DOCUMENTATION_COMMENTS = YES;
				CLANG_WARN_EMPTY_BODY = YES;
				CLANG_WARN_ENUM_CONVERSION = YES;
				CLANG_WARN_INFINITE_RECURSION = YES;
				CLANG_WARN_INT_CONVERSION = YES;
				CLANG_WARN_OBJC_ROOT_CLASS = YES_ERROR;
				CLANG_WARN_SUSPICIOUS_MOVE = YES;
				CLANG_WARN_UNREACHABLE_CODE = YES;
				CLANG_WARN__DUPLICATE_METHOD_MATCH = YES;
				CODE_SIGN_IDENTITY = "-";
				COPY_PHASE_STRIP = NO;
				DEBUG_INFORMATION_FORMAT = dwarf;
				ENABLE_STRICT_OBJC_MSGSEND = YES;
				ENABLE_TESTABILITY = YES;
				GCC_C_LANGUAGE_STANDARD = gnu99;
				GCC_DYNAMIC_NO_PIC = NO;
				GCC_NO_COMMON_BLOCKS = YES;
				GCC_OPTIMIZATION_LEVEL = 0;
				GCC_PREPROCESSOR_DEFINITIONS = (
					"DEBUG=1",
					"$(inherited)",
				);
				GCC_WARN_64_TO_32_BIT_CONVERSION = YES;
				GCC_WARN_ABOUT_RETURN_TYPE = YES_ERROR;
				GCC_WARN_UNDECLARED_SELECTOR = YES;
				GCC_WARN_UNINITIALIZED_AUTOS = YES_AGGRESSIVE;
				GCC_WARN_UNUSED_FUNCTION = YES;
				GCC_WARN_UNUSED_VARIABLE = YES;
				MACOSX_DEPLOYMENT_TARGET = 10.12;
				MTL_ENABLE_DEBUG_INFO = YES;
				ONLY_ACTIVE_ARCH = YES;
				SDKROOT = macosx;
			};
			name = Debug;
		};
		3DEF0DF21E8A624400A502F0 /* Release */ = {
			isa = XCBuildConfiguration;
			buildSettings = {
				ALWAYS_SEARCH_USER_PATHS = NO;
				CLANG_ANALYZER_NONNULL = YES;
				CLANG_CXX_LANGUAGE_STANDARD = "gnu++0x";
				CLANG_CXX_LIBRARY = "libc++";
				CLANG_ENABLE_MODULES = YES;
				CLANG_ENABLE_OBJC_ARC = YES;
				CLANG_WARN_BOOL_CONVERSION = YES;
				CLANG_WARN_CONSTANT_CONVERSION = YES;
				CLANG_WARN_DIRECT_OBJC_ISA_USAGE = YES_ERROR;
				CLANG_WARN_DOCUMENTATION_COMMENTS = YES;
				CLANG_WARN_EMPTY_BODY = YES;
				CLANG_WARN_ENUM_CONVERSION = YES;
				CLANG_WARN_INFINITE_RECURSION = YES;
				CLANG_WARN_INT_CONVERSION = YES;
				CLANG_WARN_OBJC_ROOT_CLASS = YES_ERROR;
				CLANG_WARN_SUSPICIOUS_MOVE = YES;
				CLANG_WARN_UNREACHABLE_CODE = YES;
				CLANG_WARN__DUPLICATE_METHOD_MATCH = YES;
				CODE_SIGN_IDENTITY = "-";
				COPY_PHASE_STRIP = NO;
				DEBUG_INFORMATION_FORMAT = "dwarf-with-dsym";
				ENABLE_NS_ASSERTIONS = NO;
				ENABLE_STRICT_OBJC_MSGSEND = YES;
				GCC_C_LANGUAGE_STANDARD = gnu99;
				GCC_NO_COMMON_BLOCKS = YES;
				GCC_WARN_64_TO_32_BIT_CONVERSION = YES;
				GCC_WARN_ABOUT_RETURN_TYPE = YES_ERROR;
				GCC_WARN_UNDECLARED_SELECTOR = YES;
				GCC_WARN_UNINITIALIZED_AUTOS = YES_AGGRESSIVE;
				GCC_WARN_UNUSED_FUNCTION = YES;
				GCC_WARN_UNUSED_VARIABLE = YES;
				MACOSX_DEPLOYMENT_TARGET = 10.12;
				MTL_ENABLE_DEBUG_INFO = NO;
				SDKROOT = macosx;
			};
			name = Release;
		};
		3DEF0DF41E8A624400A502F0 /* Debug */ = {
			isa = XCBuildConfiguration;
			buildSettings = {
				PRODUCT_NAME = "$(TARGET_NAME)";
			};
			name = Debug;
		};
		3DEF0DF51E8A624400A502F0 /* Release */ = {
			isa = XCBuildConfiguration;
			buildSettings = {
				PRODUCT_NAME = "$(TARGET_NAME)";
			};
			name = Release;
		};
/* End XCBuildConfiguration section */

/* Begin XCConfigurationList section */
		3DEF0DE71E8A624400A502F0 /* Build configuration list for PBXProject "Lab3" */ = {
			isa = XCConfigurationList;
			buildConfigurations = (
				3DEF0DF11E8A624400A502F0 /* Debug */,
				3DEF0DF21E8A624400A502F0 /* Release */,
			);
			defaultConfigurationIsVisible = 0;
			defaultConfigurationName = Release;
		};
		3DEF0DF31E8A624400A502F0 /* Build configuration list for PBXNativeTarget "Lab3" */ = {
			isa = XCConfigurationList;
			buildConfigurations = (
				3DEF0DF41E8A624400A502F0 /* Debug */,
				3DEF0DF51E8A624400A502F0 /* Release */,
			);
			defaultConfigurationIsVisible = 0;
		};
/* End XCConfigurationList section */
	};
	rootObject = 3DEF0DE41E8A624400A502F0 /* Project object */;
}
